// !$*UTF8*$!
{
	archiveVersion = 1;
	classes = {
	};
	objectVersion = 77;
	objects = {

/* Begin PBXBuildFile section */
		FB10514C2F0CA9B900EC348F /* SwiftCodeView in Frameworks */ = {isa = PBXBuildFile; productRef = FB10514B2F0CA9B900EC348F /* SwiftCodeView */; };
		FB10519D2F0CB7C400EC348F /* SwiftCodeView in Frameworks */ = {isa = PBXBuildFile; productRef = FB10519C2F0CB7C400EC348F /* SwiftCodeView */; };
		FB49DCE92F0782780085AE9B /* SwiftDraw in Frameworks */ = {isa = PBXBuildFile; productRef = FB49DCE82F0782780085AE9B /* SwiftDraw */; };
/* End PBXBuildFile section */

/* Begin PBXContainerItemProxy section */
		FB2AA0422EF0F831002C3731 /* PBXContainerItemProxy */ = {
			isa = PBXContainerItemProxy;
			containerPortal = FB2AA0282EF0F830002C3731 /* Project object */;
			proxyType = 1;
			remoteGlobalIDString = FB2AA02F2EF0F830002C3731;
			remoteInfo = iDevNotes;
		};
		FB2AA04C2EF0F831002C3731 /* PBXContainerItemProxy */ = {
			isa = PBXContainerItemProxy;
			containerPortal = FB2AA0282EF0F830002C3731 /* Project object */;
			proxyType = 1;
			remoteGlobalIDString = FB2AA02F2EF0F830002C3731;
			remoteInfo = iDevNotes;
		};
/* End PBXContainerItemProxy section */

/* Begin PBXFileReference section */
		FB2AA0302EF0F830002C3731 /* iDevNotes.app */ = {isa = PBXFileReference; explicitFileType = wrapper.application; includeInIndex = 0; path = iDevNotes.app; sourceTree = BUILT_PRODUCTS_DIR; };
		FB2AA0412EF0F831002C3731 /* iDevNotesTests.xctest */ = {isa = PBXFileReference; explicitFileType = wrapper.cfbundle; includeInIndex = 0; path = iDevNotesTests.xctest; sourceTree = BUILT_PRODUCTS_DIR; };
		FB2AA04B2EF0F831002C3731 /* iDevNotesUITests.xctest */ = {isa = PBXFileReference; explicitFileType = wrapper.cfbundle; includeInIndex = 0; path = iDevNotesUITests.xctest; sourceTree = BUILT_PRODUCTS_DIR; };
/* End PBXFileReference section */

/* Begin PBXFileSystemSynchronizedBuildFileExceptionSet section */
		FB2AA0532EF0F831002C3731 /* Exceptions for "iDevNotes" folder in "iDevNotes" target */ = {
			isa = PBXFileSystemSynchronizedBuildFileExceptionSet;
			membershipExceptions = (
				Info.plist,
			);
			target = FB2AA02F2EF0F830002C3731 /* iDevNotes */;
		};
/* End PBXFileSystemSynchronizedBuildFileExceptionSet section */

/* Begin PBXFileSystemSynchronizedRootGroup section */
		FB2AA0322EF0F830002C3731 /* iDevNotes */ = {
			isa = PBXFileSystemSynchronizedRootGroup;
			exceptions = (
				FB2AA0532EF0F831002C3731 /* Exceptions for "iDevNotes" folder in "iDevNotes" target */,
			);
			path = iDevNotes;
			sourceTree = "<group>";
		};
		FB2AA0442EF0F831002C3731 /* iDevNotesTests */ = {
			isa = PBXFileSystemSynchronizedRootGroup;
			path = iDevNotesTests;
			sourceTree = "<group>";
		};
		FB2AA04E2EF0F831002C3731 /* iDevNotesUITests */ = {
			isa = PBXFileSystemSynchronizedRootGroup;
			path = iDevNotesUITests;
			sourceTree = "<group>";
		};
/* End PBXFileSystemSynchronizedRootGroup section */

/* Begin PBXFrameworksBuildPhase section */
		FB2AA02D2EF0F830002C3731 /* Frameworks */ = {
			isa = PBXFrameworksBuildPhase;
			buildActionMask = 2147483647;
			files = (
				FB10519D2F0CB7C400EC348F /* SwiftCodeView in Frameworks */,
				FB10514C2F0CA9B900EC348F /* SwiftCodeView in Frameworks */,
				FB49DCE92F0782780085AE9B /* SwiftDraw in Frameworks */,
			);
			runOnlyForDeploymentPostprocessing = 0;
		};
		FB2AA03E2EF0F831002C3731 /* Frameworks */ = {
			isa = PBXFrameworksBuildPhase;
			buildActionMask = 2147483647;
			files = (
			);
			runOnlyForDeploymentPostprocessing = 0;
		};
		FB2AA0482EF0F831002C3731 /* Frameworks */ = {
			isa = PBXFrameworksBuildPhase;
			buildActionMask = 2147483647;
			files = (
			);
			runOnlyForDeploymentPostprocessing = 0;
		};
/* End PBXFrameworksBuildPhase section */

/* Begin PBXGroup section */
		FB2AA0272EF0F830002C3731 = {
			isa = PBXGroup;
			children = (
				FB2AA0322EF0F830002C3731 /* iDevNotes */,
				FB2AA0442EF0F831002C3731 /* iDevNotesTests */,
				FB2AA04E2EF0F831002C3731 /* iDevNotesUITests */,
				FB2AA0312EF0F830002C3731 /* Products */,
			);
			sourceTree = "<group>";
		};
		FB2AA0312EF0F830002C3731 /* Products */ = {
			isa = PBXGroup;
			children = (
				FB2AA0302EF0F830002C3731 /* iDevNotes.app */,
				FB2AA0412EF0F831002C3731 /* iDevNotesTests.xctest */,
				FB2AA04B2EF0F831002C3731 /* iDevNotesUITests.xctest */,
			);
			name = Products;
			sourceTree = "<group>";
		};
/* End PBXGroup section */

/* Begin PBXNativeTarget section */
		FB2AA02F2EF0F830002C3731 /* iDevNotes */ = {
			isa = PBXNativeTarget;
			buildConfigurationList = FB2AA0542EF0F831002C3731 /* Build configuration list for PBXNativeTarget "iDevNotes" */;
			buildPhases = (
				FB2AA02C2EF0F830002C3731 /* Sources */,
				FB2AA02D2EF0F830002C3731 /* Frameworks */,
				FB2AA02E2EF0F830002C3731 /* Resources */,
			);
			buildRules = (
			);
			dependencies = (
			);
			fileSystemSynchronizedGroups = (
				FB2AA0322EF0F830002C3731 /* iDevNotes */,
			);
			name = iDevNotes;
			packageProductDependencies = (
				FB49DCE82F0782780085AE9B /* SwiftDraw */,
				FB10514B2F0CA9B900EC348F /* SwiftCodeView */,
				FB10519C2F0CB7C400EC348F /* SwiftCodeView */,
			);
			productName = iDevNotes;
			productReference = FB2AA0302EF0F830002C3731 /* iDevNotes.app */;
			productType = "com.apple.product-type.application";
		};
		FB2AA0402EF0F831002C3731 /* iDevNotesTests */ = {
			isa = PBXNativeTarget;
			buildConfigurationList = FB2AA0592EF0F831002C3731 /* Build configuration list for PBXNativeTarget "iDevNotesTests" */;
			buildPhases = (
				FB2AA03D2EF0F831002C3731 /* Sources */,
				FB2AA03E2EF0F831002C3731 /* Frameworks */,
				FB2AA03F2EF0F831002C3731 /* Resources */,
			);
			buildRules = (
			);
			dependencies = (
				FB2AA0432EF0F831002C3731 /* PBXTargetDependency */,
			);
			fileSystemSynchronizedGroups = (
				FB2AA0442EF0F831002C3731 /* iDevNotesTests */,
			);
			name = iDevNotesTests;
			packageProductDependencies = (
			);
			productName = iDevNotesTests;
			productReference = FB2AA0412EF0F831002C3731 /* iDevNotesTests.xctest */;
			productType = "com.apple.product-type.bundle.unit-test";
		};
		FB2AA04A2EF0F831002C3731 /* iDevNotesUITests */ = {
			isa = PBXNativeTarget;
			buildConfigurationList = FB2AA05C2EF0F831002C3731 /* Build configuration list for PBXNativeTarget "iDevNotesUITests" */;
			buildPhases = (
				FB2AA0472EF0F831002C3731 /* Sources */,
				FB2AA0482EF0F831002C3731 /* Frameworks */,
				FB2AA0492EF0F831002C3731 /* Resources */,
			);
			buildRules = (
			);
			dependencies = (
				FB2AA04D2EF0F831002C3731 /* PBXTargetDependency */,
			);
			fileSystemSynchronizedGroups = (
				FB2AA04E2EF0F831002C3731 /* iDevNotesUITests */,
			);
			name = iDevNotesUITests;
			packageProductDependencies = (
			);
			productName = iDevNotesUITests;
			productReference = FB2AA04B2EF0F831002C3731 /* iDevNotesUITests.xctest */;
			productType = "com.apple.product-type.bundle.ui-testing";
		};
/* End PBXNativeTarget section */

/* Begin PBXProject section */
		FB2AA0282EF0F830002C3731 /* Project object */ = {
			isa = PBXProject;
			attributes = {
				BuildIndependentTargetsInParallel = 1;
				LastSwiftUpdateCheck = 2620;
				LastUpgradeCheck = 2620;
				TargetAttributes = {
					FB2AA02F2EF0F830002C3731 = {
						CreatedOnToolsVersion = 26.2;
					};
					FB2AA0402EF0F831002C3731 = {
						CreatedOnToolsVersion = 26.2;
						TestTargetID = FB2AA02F2EF0F830002C3731;
					};
					FB2AA04A2EF0F831002C3731 = {
						CreatedOnToolsVersion = 26.2;
						TestTargetID = FB2AA02F2EF0F830002C3731;
					};
				};
			};
			buildConfigurationList = FB2AA02B2EF0F830002C3731 /* Build configuration list for PBXProject "iDevNotes" */;
			developmentRegion = "zh-Hans";
			hasScannedForEncodings = 0;
			knownRegions = (
				en,
				Base,
				"zh-Hans",
			);
			mainGroup = FB2AA0272EF0F830002C3731;
			minimizedProjectReferenceProxies = 1;
			packageReferences = (
				FB49DCE72F0782780085AE9B /* XCRemoteSwiftPackageReference "SwiftDraw" */,
				FB10519B2F0CB7C400EC348F /* XCRemoteSwiftPackageReference "SwiftCodeView" */,
			);
			preferredProjectObjectVersion = 77;
			productRefGroup = FB2AA0312EF0F830002C3731 /* Products */;
			projectDirPath = "";
			projectRoot = "";
			targets = (
				FB2AA02F2EF0F830002C3731 /* iDevNotes */,
				FB2AA0402EF0F831002C3731 /* iDevNotesTests */,
				FB2AA04A2EF0F831002C3731 /* iDevNotesUITests */,
			);
		};
/* End PBXProject section */

/* Begin PBXResourcesBuildPhase section */
		FB2AA02E2EF0F830002C3731 /* Resources */ = {
			isa = PBXResourcesBuildPhase;
			buildActionMask = 2147483647;
			files = (
			);
			runOnlyForDeploymentPostprocessing = 0;
		};
		FB2AA03F2EF0F831002C3731 /* Resources */ = {
			isa = PBXResourcesBuildPhase;
			buildActionMask = 2147483647;
			files = (
			);
			runOnlyForDeploymentPostprocessing = 0;
		};
		FB2AA0492EF0F831002C3731 /* Resources */ = {
			isa = PBXResourcesBuildPhase;
			buildActionMask = 2147483647;
			files = (
			);
			runOnlyForDeploymentPostprocessing = 0;
		};
/* End PBXResourcesBuildPhase section */

/* Begin PBXSourcesBuildPhase section */
		FB2AA02C2EF0F830002C3731 /* Sources */ = {
			isa = PBXSourcesBuildPhase;
			buildActionMask = 2147483647;
			files = (
			);
			runOnlyForDeploymentPostprocessing = 0;
		};
		FB2AA03D2EF0F831002C3731 /* Sources */ = {
			isa = PBXSourcesBuildPhase;
			buildActionMask = 2147483647;
			files = (
			);
			runOnlyForDeploymentPostprocessing = 0;
		};
		FB2AA0472EF0F831002C3731 /* Sources */ = {
			isa = PBXSourcesBuildPhase;
			buildActionMask = 2147483647;
			files = (
			);
			runOnlyForDeploymentPostprocessing = 0;
		};
/* End PBXSourcesBuildPhase section */

/* Begin PBXTargetDependency section */
		FB2AA0432EF0F831002C3731 /* PBXTargetDependency */ = {
			isa = PBXTargetDependency;
			target = FB2AA02F2EF0F830002C3731 /* iDevNotes */;
			targetProxy = FB2AA0422EF0F831002C3731 /* PBXContainerItemProxy */;
		};
		FB2AA04D2EF0F831002C3731 /* PBXTargetDependency */ = {
			isa = PBXTargetDependency;
			target = FB2AA02F2EF0F830002C3731 /* iDevNotes */;
			targetProxy = FB2AA04C2EF0F831002C3731 /* PBXContainerItemProxy */;
		};
/* End PBXTargetDependency section */

/* Begin XCBuildConfiguration section */
		FB2AA0552EF0F831002C3731 /* Debug */ = {
			isa = XCBuildConfiguration;
			buildSettings = {
				ASSETCATALOG_COMPILER_APPICON_NAME = AppIcon;
				ASSETCATALOG_COMPILER_GLOBAL_ACCENT_COLOR_NAME = AccentColor;
				CODE_SIGN_STYLE = Automatic;
				CURRENT_PROJECT_VERSION = 1;
				DEVELOPMENT_TEAM = 3XN8RD2554;
				ENABLE_APP_SANDBOX = YES;
				ENABLE_HARDENED_RUNTIME = YES;
				ENABLE_PREVIEWS = YES;
				ENABLE_USER_SELECTED_FILES = readonly;
				GENERATE_INFOPLIST_FILE = YES;
				INFOPLIST_FILE = iDevNotes/Info.plist;
				"INFOPLIST_KEY_UIApplicationSceneManifest_Generation[sdk=iphoneos*]" = YES;
				"INFOPLIST_KEY_UIApplicationSceneManifest_Generation[sdk=iphonesimulator*]" = YES;
				"INFOPLIST_KEY_UIApplicationSupportsIndirectInputEvents[sdk=iphoneos*]" = YES;
				"INFOPLIST_KEY_UIApplicationSupportsIndirectInputEvents[sdk=iphonesimulator*]" = YES;
				"INFOPLIST_KEY_UILaunchScreen_Generation[sdk=iphoneos*]" = YES;
				"INFOPLIST_KEY_UILaunchScreen_Generation[sdk=iphonesimulator*]" = YES;
				"INFOPLIST_KEY_UIStatusBarStyle[sdk=iphoneos*]" = UIStatusBarStyleDefault;
				"INFOPLIST_KEY_UIStatusBarStyle[sdk=iphonesimulator*]" = UIStatusBarStyleDefault;
				INFOPLIST_KEY_UISupportedInterfaceOrientations_iPad = "UIInterfaceOrientationPortrait UIInterfaceOrientationPortraitUpsideDown UIInterfaceOrientationLandscapeLeft UIInterfaceOrientationLandscapeRight";
				INFOPLIST_KEY_UISupportedInterfaceOrientations_iPhone = "UIInterfaceOrientationPortrait UIInterfaceOrientationLandscapeLeft UIInterfaceOrientationLandscapeRight";
				IPHONEOS_DEPLOYMENT_TARGET = 26.2;
				LD_RUNPATH_SEARCH_PATHS = "@executable_path/Frameworks";
				"LD_RUNPATH_SEARCH_PATHS[sdk=macosx*]" = "@executable_path/../Frameworks";
				MACOSX_DEPLOYMENT_TARGET = 26.1;
				MARKETING_VERSION = 1.0;
				PRODUCT_BUNDLE_IDENTIFIER = com.wangqiyang.iDevNotes;
				PRODUCT_NAME = "$(TARGET_NAME)";
				REGISTER_APP_GROUPS = YES;
				SDKROOT = auto;
				STRING_CATALOG_GENERATE_SYMBOLS = YES;
				SUPPORTED_PLATFORMS = "iphoneos iphonesimulator macosx xros xrsimulator";
				SWIFT_APPROACHABLE_CONCURRENCY = YES;
				SWIFT_DEFAULT_ACTOR_ISOLATION = MainActor;
				SWIFT_EMIT_LOC_STRINGS = YES;
				SWIFT_UPCOMING_FEATURE_MEMBER_IMPORT_VISIBILITY = YES;
				SWIFT_VERSION = 5.0;
				TARGETED_DEVICE_FAMILY = "1,2,7";
				XROS_DEPLOYMENT_TARGET = 26.2;
			};
			name = Debug;
		};
		FB2AA0562EF0F831002C3731 /* Release */ = {
			isa = XCBuildConfiguration;
			buildSettings = {
				ASSETCATALOG_COMPILER_APPICON_NAME = AppIcon;
				ASSETCATALOG_COMPILER_GLOBAL_ACCENT_COLOR_NAME = AccentColor;
				CODE_SIGN_STYLE = Automatic;
				CURRENT_PROJECT_VERSION = 1;
				DEVELOPMENT_TEAM = 3XN8RD2554;
				ENABLE_APP_SANDBOX = YES;
				ENABLE_HARDENED_RUNTIME = YES;
				ENABLE_PREVIEWS = YES;
				ENABLE_USER_SELECTED_FILES = readonly;
				GENERATE_INFOPLIST_FILE = YES;
				INFOPLIST_FILE = iDevNotes/Info.plist;
				"INFOPLIST_KEY_UIApplicationSceneManifest_Generation[sdk=iphoneos*]" = YES;
				"INFOPLIST_KEY_UIApplicationSceneManifest_Generation[sdk=iphonesimulator*]" = YES;
				"INFOPLIST_KEY_UIApplicationSupportsIndirectInputEvents[sdk=iphoneos*]" = YES;
				"INFOPLIST_KEY_UIApplicationSupportsIndirectInputEvents[sdk=iphonesimulator*]" = YES;
				"INFOPLIST_KEY_UILaunchScreen_Generation[sdk=iphoneos*]" = YES;
				"INFOPLIST_KEY_UILaunchScreen_Generation[sdk=iphonesimulator*]" = YES;
				"INFOPLIST_KEY_UIStatusBarStyle[sdk=iphoneos*]" = UIStatusBarStyleDefault;
				"INFOPLIST_KEY_UIStatusBarStyle[sdk=iphonesimulator*]" = UIStatusBarStyleDefault;
				INFOPLIST_KEY_UISupportedInterfaceOrientations_iPad = "UIInterfaceOrientationPortrait UIInterfaceOrientationPortraitUpsideDown UIInterfaceOrientationLandscapeLeft UIInterfaceOrientationLandscapeRight";
				INFOPLIST_KEY_UISupportedInterfaceOrientations_iPhone = "UIInterfaceOrientationPortrait UIInterfaceOrientationLandscapeLeft UIInterfaceOrientationLandscapeRight";
				IPHONEOS_DEPLOYMENT_TARGET = 26.2;
				LD_RUNPATH_SEARCH_PATHS = "@executable_path/Frameworks";
				"LD_RUNPATH_SEARCH_PATHS[sdk=macosx*]" = "@executable_path/../Frameworks";
				MACOSX_DEPLOYMENT_TARGET = 26.1;
				MARKETING_VERSION = 1.0;
				PRODUCT_BUNDLE_IDENTIFIER = com.wangqiyang.iDevNotes;
				PRODUCT_NAME = "$(TARGET_NAME)";
				REGISTER_APP_GROUPS = YES;
				SDKROOT = auto;
				STRING_CATALOG_GENERATE_SYMBOLS = YES;
				SUPPORTED_PLATFORMS = "iphoneos iphonesimulator macosx xros xrsimulator";
				SWIFT_APPROACHABLE_CONCURRENCY = YES;
				SWIFT_DEFAULT_ACTOR_ISOLATION = MainActor;
				SWIFT_EMIT_LOC_STRINGS = YES;
				SWIFT_UPCOMING_FEATURE_MEMBER_IMPORT_VISIBILITY = YES;
				SWIFT_VERSION = 5.0;
				TARGETED_DEVICE_FAMILY = "1,2,7";
				XROS_DEPLOYMENT_TARGET = 26.2;
			};
			name = Release;
		};
		FB2AA0572EF0F831002C3731 /* Debug */ = {
			isa = XCBuildConfiguration;
			buildSettings = {
				ALWAYS_SEARCH_USER_PATHS = NO;
				ASSETCATALOG_COMPILER_GENERATE_SWIFT_ASSET_SYMBOL_EXTENSIONS = YES;
				CLANG_ANALYZER_NONNULL = YES;
				CLANG_ANALYZER_NUMBER_OBJECT_CONVERSION = YES_AGGRESSIVE;
				CLANG_CXX_LANGUAGE_STANDARD = "gnu++20";
				CLANG_ENABLE_MODULES = YES;
				CLANG_ENABLE_OBJC_ARC = YES;
				CLANG_ENABLE_OBJC_WEAK = YES;
				CLANG_WARN_BLOCK_CAPTURE_AUTORELEASING = YES;
				CLANG_WARN_BOOL_CONVERSION = YES;
				CLANG_WARN_COMMA = YES;
				CLANG_WARN_CONSTANT_CONVERSION = YES;
				CLANG_WARN_DEPRECATED_OBJC_IMPLEMENTATIONS = YES;
				CLANG_WARN_DIRECT_OBJC_ISA_USAGE = YES_ERROR;
				CLANG_WARN_DOCUMENTATION_COMMENTS = YES;
				CLANG_WARN_EMPTY_BODY = YES;
				CLANG_WARN_ENUM_CONVERSION = YES;
				CLANG_WARN_INFINITE_RECURSION = YES;
				CLANG_WARN_INT_CONVERSION = YES;
				CLANG_WARN_NON_LITERAL_NULL_CONVERSION = YES;
				CLANG_WARN_OBJC_IMPLICIT_RETAIN_SELF = YES;
				CLANG_WARN_OBJC_LITERAL_CONVERSION = YES;
				CLANG_WARN_OBJC_ROOT_CLASS = YES_ERROR;
				CLANG_WARN_QUOTED_INCLUDE_IN_FRAMEWORK_HEADER = YES;
				CLANG_WARN_RANGE_LOOP_ANALYSIS = YES;
				CLANG_WARN_STRICT_PROTOTYPES = YES;
				CLANG_WARN_SUSPICIOUS_MOVE = YES;
				CLANG_WARN_UNGUARDED_AVAILABILITY = YES_AGGRESSIVE;
				CLANG_WARN_UNREACHABLE_CODE = YES;
				CLANG_WARN__DUPLICATE_METHOD_MATCH = YES;
				COPY_PHASE_STRIP = NO;
				DEBUG_INFORMATION_FORMAT = dwarf;
				DEVELOPMENT_TEAM = 3XN8RD2554;
				ENABLE_STRICT_OBJC_MSGSEND = YES;
				ENABLE_TESTABILITY = YES;
				ENABLE_USER_SCRIPT_SANDBOXING = YES;
				GCC_C_LANGUAGE_STANDARD = gnu17;
				GCC_DYNAMIC_NO_PIC = NO;
				GCC_NO_COMMON_BLOCKS = YES;
				GCC_OPTIMIZATION_LEVEL = 0;
				GCC_PREPROCESSOR_DEFINITIONS = (
					"DEBUG=1",
					"$(inherited)",
				);
				GCC_WARN_64_TO_32_BIT_CONVERSION = YES;
				GCC_WARN_ABOUT_RETURN_TYPE = YES_ERROR;
				GCC_WARN_UNDECLARED_SELECTOR = YES;
				GCC_WARN_UNINITIALIZED_AUTOS = YES_AGGRESSIVE;
				GCC_WARN_UNUSED_FUNCTION = YES;
				GCC_WARN_UNUSED_VARIABLE = YES;
				LOCALIZATION_PREFERS_STRING_CATALOGS = YES;
				MTL_ENABLE_DEBUG_INFO = INCLUDE_SOURCE;
				MTL_FAST_MATH = YES;
				ONLY_ACTIVE_ARCH = YES;
				SWIFT_ACTIVE_COMPILATION_CONDITIONS = "DEBUG $(inherited)";
				SWIFT_EMIT_LOC_STRINGS = YES;
				SWIFT_OPTIMIZATION_LEVEL = "-Onone";
			};
			name = Debug;
		};
		FB2AA0582EF0F831002C3731 /* Release */ = {
			isa = XCBuildConfiguration;
			buildSettings = {
				ALWAYS_SEARCH_USER_PATHS = NO;
				ASSETCATALOG_COMPILER_GENERATE_SWIFT_ASSET_SYMBOL_EXTENSIONS = YES;
				CLANG_ANALYZER_NONNULL = YES;
				CLANG_ANALYZER_NUMBER_OBJECT_CONVERSION = YES_AGGRESSIVE;
				CLANG_CXX_LANGUAGE_STANDARD = "gnu++20";
				CLANG_ENABLE_MODULES = YES;
				CLANG_ENABLE_OBJC_ARC = YES;
				CLANG_ENABLE_OBJC_WEAK = YES;
				CLANG_WARN_BLOCK_CAPTURE_AUTORELEASING = YES;
				CLANG_WARN_BOOL_CONVERSION = YES;
				CLANG_WARN_COMMA = YES;
				CLANG_WARN_CONSTANT_CONVERSION = YES;
				CLANG_WARN_DEPRECATED_OBJC_IMPLEMENTATIONS = YES;
				CLANG_WARN_DIRECT_OBJC_ISA_USAGE = YES_ERROR;
				CLANG_WARN_DOCUMENTATION_COMMENTS = YES;
				CLANG_WARN_EMPTY_BODY = YES;
				CLANG_WARN_ENUM_CONVERSION = YES;
				CLANG_WARN_INFINITE_RECURSION = YES;
				CLANG_WARN_INT_CONVERSION = YES;
				CLANG_WARN_NON_LITERAL_NULL_CONVERSION = YES;
				CLANG_WARN_OBJC_IMPLICIT_RETAIN_SELF = YES;
				CLANG_WARN_OBJC_LITERAL_CONVERSION = YES;
				CLANG_WARN_OBJC_ROOT_CLASS = YES_ERROR;
				CLANG_WARN_QUOTED_INCLUDE_IN_FRAMEWORK_HEADER = YES;
				CLANG_WARN_RANGE_LOOP_ANALYSIS = YES;
				CLANG_WARN_STRICT_PROTOTYPES = YES;
				CLANG_WARN_SUSPICIOUS_MOVE = YES;
				CLANG_WARN_UNGUARDED_AVAILABILITY = YES_AGGRESSIVE;
				CLANG_WARN_UNREACHABLE_CODE = YES;
				CLANG_WARN__DUPLICATE_METHOD_MATCH = YES;
				COPY_PHASE_STRIP = NO;
				DEBUG_INFORMATION_FORMAT = "dwarf-with-dsym";
				DEVELOPMENT_TEAM = 3XN8RD2554;
				ENABLE_NS_ASSERTIONS = NO;
				ENABLE_STRICT_OBJC_MSGSEND = YES;
				ENABLE_USER_SCRIPT_SANDBOXING = YES;
				GCC_C_LANGUAGE_STANDARD = gnu17;
				GCC_NO_COMMON_BLOCKS = YES;
				GCC_WARN_64_TO_32_BIT_CONVERSION = YES;
				GCC_WARN_ABOUT_RETURN_TYPE = YES_ERROR;
				GCC_WARN_UNDECLARED_SELECTOR = YES;
				GCC_WARN_UNINITIALIZED_AUTOS = YES_AGGRESSIVE;
				GCC_WARN_UNUSED_FUNCTION = YES;
				GCC_WARN_UNUSED_VARIABLE = YES;
				LOCALIZATION_PREFERS_STRING_CATALOGS = YES;
				MTL_ENABLE_DEBUG_INFO = NO;
				MTL_FAST_MATH = YES;
				SWIFT_COMPILATION_MODE = wholemodule;
				SWIFT_EMIT_LOC_STRINGS = YES;
			};
			name = Release;
		};
		FB2AA05A2EF0F831002C3731 /* Debug */ = {
			isa = XCBuildConfiguration;
			buildSettings = {
				BUNDLE_LOADER = "$(TEST_HOST)";
				CODE_SIGN_STYLE = Automatic;
				CURRENT_PROJECT_VERSION = 1;
				DEVELOPMENT_TEAM = 3XN8RD2554;
				GENERATE_INFOPLIST_FILE = YES;
				IPHONEOS_DEPLOYMENT_TARGET = 26.2;
				MACOSX_DEPLOYMENT_TARGET = 26.1;
				MARKETING_VERSION = 1.0;
				PRODUCT_BUNDLE_IDENTIFIER = com.wangqiyang.iDevNotesTests;
				PRODUCT_NAME = "$(TARGET_NAME)";
				SDKROOT = auto;
				STRING_CATALOG_GENERATE_SYMBOLS = NO;
				SUPPORTED_PLATFORMS = "iphoneos iphonesimulator macosx xros xrsimulator";
				SWIFT_APPROACHABLE_CONCURRENCY = YES;
				SWIFT_EMIT_LOC_STRINGS = NO;
				SWIFT_UPCOMING_FEATURE_MEMBER_IMPORT_VISIBILITY = YES;
				SWIFT_VERSION = 5.0;
				TARGETED_DEVICE_FAMILY = "1,2,7";
				TEST_HOST = "$(BUILT_PRODUCTS_DIR)/iDevNotes.app/$(BUNDLE_EXECUTABLE_FOLDER_PATH)/iDevNotes";
				XROS_DEPLOYMENT_TARGET = 26.2;
			};
			name = Debug;
		};
		FB2AA05B2EF0F831002C3731 /* Release */ = {
			isa = XCBuildConfiguration;
			buildSettings = {
				BUNDLE_LOADER = "$(TEST_HOST)";
				CODE_SIGN_STYLE = Automatic;
				CURRENT_PROJECT_VERSION = 1;
				DEVELOPMENT_TEAM = 3XN8RD2554;
				GENERATE_INFOPLIST_FILE = YES;
				IPHONEOS_DEPLOYMENT_TARGET = 26.2;
				MACOSX_DEPLOYMENT_TARGET = 26.1;
				MARKETING_VERSION = 1.0;
				PRODUCT_BUNDLE_IDENTIFIER = com.wangqiyang.iDevNotesTests;
				PRODUCT_NAME = "$(TARGET_NAME)";
				SDKROOT = auto;
				STRING_CATALOG_GENERATE_SYMBOLS = NO;
				SUPPORTED_PLATFORMS = "iphoneos iphonesimulator macosx xros xrsimulator";
				SWIFT_APPROACHABLE_CONCURRENCY = YES;
				SWIFT_EMIT_LOC_STRINGS = NO;
				SWIFT_UPCOMING_FEATURE_MEMBER_IMPORT_VISIBILITY = YES;
				SWIFT_VERSION = 5.0;
				TARGETED_DEVICE_FAMILY = "1,2,7";
				TEST_HOST = "$(BUILT_PRODUCTS_DIR)/iDevNotes.app/$(BUNDLE_EXECUTABLE_FOLDER_PATH)/iDevNotes";
				XROS_DEPLOYMENT_TARGET = 26.2;
			};
			name = Release;
		};
		FB2AA05D2EF0F831002C3731 /* Debug */ = {
			isa = XCBuildConfiguration;
			buildSettings = {
				CODE_SIGN_STYLE = Automatic;
				CURRENT_PROJECT_VERSION = 1;
				DEVELOPMENT_TEAM = 3XN8RD2554;
				GENERATE_INFOPLIST_FILE = YES;
				IPHONEOS_DEPLOYMENT_TARGET = 26.2;
				MACOSX_DEPLOYMENT_TARGET = 26.1;
				MARKETING_VERSION = 1.0;
				PRODUCT_BUNDLE_IDENTIFIER = com.wangqiyang.iDevNotesUITests;
				PRODUCT_NAME = "$(TARGET_NAME)";
				SDKROOT = auto;
				STRING_CATALOG_GENERATE_SYMBOLS = NO;
				SUPPORTED_PLATFORMS = "iphoneos iphonesimulator macosx xros xrsimulator";
				SWIFT_APPROACHABLE_CONCURRENCY = YES;
				SWIFT_EMIT_LOC_STRINGS = NO;
				SWIFT_UPCOMING_FEATURE_MEMBER_IMPORT_VISIBILITY = YES;
				SWIFT_VERSION = 5.0;
				TARGETED_DEVICE_FAMILY = "1,2,7";
				TEST_TARGET_NAME = iDevNotes;
				XROS_DEPLOYMENT_TARGET = 26.2;
			};
			name = Debug;
		};
		FB2AA05E2EF0F831002C3731 /* Release */ = {
			isa = XCBuildConfiguration;
			buildSettings = {
				CODE_SIGN_STYLE = Automatic;
				CURRENT_PROJECT_VERSION = 1;
				DEVELOPMENT_TEAM = 3XN8RD2554;
				GENERATE_INFOPLIST_FILE = YES;
				IPHONEOS_DEPLOYMENT_TARGET = 26.2;
				MACOSX_DEPLOYMENT_TARGET = 26.1;
				MARKETING_VERSION = 1.0;
				PRODUCT_BUNDLE_IDENTIFIER = com.wangqiyang.iDevNotesUITests;
				PRODUCT_NAME = "$(TARGET_NAME)";
				SDKROOT = auto;
				STRING_CATALOG_GENERATE_SYMBOLS = NO;
				SUPPORTED_PLATFORMS = "iphoneos iphonesimulator macosx xros xrsimulator";
				SWIFT_APPROACHABLE_CONCURRENCY = YES;
				SWIFT_EMIT_LOC_STRINGS = NO;
				SWIFT_UPCOMING_FEATURE_MEMBER_IMPORT_VISIBILITY = YES;
				SWIFT_VERSION = 5.0;
				TARGETED_DEVICE_FAMILY = "1,2,7";
				TEST_TARGET_NAME = iDevNotes;
				XROS_DEPLOYMENT_TARGET = 26.2;
			};
			name = Release;
		};
/* End XCBuildConfiguration section */

/* Begin XCConfigurationList section */
		FB2AA02B2EF0F830002C3731 /* Build configuration list for PBXProject "iDevNotes" */ = {
			isa = XCConfigurationList;
			buildConfigurations = (
				FB2AA0572EF0F831002C3731 /* Debug */,
				FB2AA0582EF0F831002C3731 /* Release */,
			);
			defaultConfigurationIsVisible = 0;
			defaultConfigurationName = Release;
		};
		FB2AA0542EF0F831002C3731 /* Build configuration list for PBXNativeTarget "iDevNotes" */ = {
			isa = XCConfigurationList;
			buildConfigurations = (
				FB2AA0552EF0F831002C3731 /* Debug */,
				FB2AA0562EF0F831002C3731 /* Release */,
			);
			defaultConfigurationIsVisible = 0;
			defaultConfigurationName = Release;
		};
		FB2AA0592EF0F831002C3731 /* Build configuration list for PBXNativeTarget "iDevNotesTests" */ = {
			isa = XCConfigurationList;
			buildConfigurations = (
				FB2AA05A2EF0F831002C3731 /* Debug */,
				FB2AA05B2EF0F831002C3731 /* Release */,
			);
			defaultConfigurationIsVisible = 0;
			defaultConfigurationName = Release;
		};
		FB2AA05C2EF0F831002C3731 /* Build configuration list for PBXNativeTarget "iDevNotesUITests" */ = {
			isa = XCConfigurationList;
			buildConfigurations = (
				FB2AA05D2EF0F831002C3731 /* Debug */,
				FB2AA05E2EF0F831002C3731 /* Release */,
			);
			defaultConfigurationIsVisible = 0;
			defaultConfigurationName = Release;
		};
/* End XCConfigurationList section */

/* Begin XCRemoteSwiftPackageReference section */
		FB10519B2F0CB7C400EC348F /* XCRemoteSwiftPackageReference "SwiftCodeView" */ = {
			isa = XCRemoteSwiftPackageReference;
			repositoryURL = "https://github.com/wangqiyangX/SwiftCodeView.git";
			requirement = {
				branch = main;
				kind = branch;
			};
		};
		FB49DCE72F0782780085AE9B /* XCRemoteSwiftPackageReference "SwiftDraw" */ = {
			isa = XCRemoteSwiftPackageReference;
			repositoryURL = "https://github.com/swhitty/SwiftDraw.git";
			requirement = {
				kind = upToNextMajorVersion;
				minimumVersion = 0.25.3;
			};
		};
/* End XCRemoteSwiftPackageReference section */

/* Begin XCSwiftPackageProductDependency section */
		FB10514B2F0CA9B900EC348F /* SwiftCodeView */ = {
			isa = XCSwiftPackageProductDependency;
			productName = SwiftCodeView;
		};
		FB10519C2F0CB7C400EC348F /* SwiftCodeView */ = {
			isa = XCSwiftPackageProductDependency;
			package = FB10519B2F0CB7C400EC348F /* XCRemoteSwiftPackageReference "SwiftCodeView" */;
			productName = SwiftCodeView;
		};
		FB49DCE82F0782780085AE9B /* SwiftDraw */ = {
			isa = XCSwiftPackageProductDependency;
			package = FB49DCE72F0782780085AE9B /* XCRemoteSwiftPackageReference "SwiftDraw" */;
			productName = SwiftDraw;
		};
/* End XCSwiftPackageProductDependency section */
	};
	rootObject = FB2AA0282EF0F830002C3731 /* Project object */;
}
